
Microsoft Visual Studio Solution File, Format Version 12.00
# Visual Studio 2012
Project("{FAE04EC0-301F-11D3-BF4B-00C04F79EFBC}") = "Pe.ElectroPeru.SGI.Presentacion", "Pe.ElectroPeru.SGI.Presentacion\Pe.ElectroPeru.SGI.Presentacion.csproj", "{2600EAE4-99E4-4DF3-8DA0-FD16111B0B22}"
EndProject
Project("{FAE04EC0-301F-11D3-BF4B-00C04F79EFBC}") = "Pe.ElectroPeru.SGI.Presentacion.Recursos", "Pe.ElectroPeru.SGI.Presentacion.Recursos\Pe.ElectroPeru.SGI.Presentacion.Recursos.csproj", "{B681F6FD-F206-4CEB-AEE7-5AE437D202EB}"
EndProject
Project("{FAE04EC0-301F-11D3-BF4B-00C04F79EFBC}") = "Pe.ElectroPeru.SGI.Presentacion.Core", "Pe.ElectroPeru.SGI.Presentacion.Core\Pe.ElectroPeru.SGI.Presentacion.Core.csproj", "{63310A76-AEB4-4EFB-89AB-67C6DACBA901}"
EndProject
Project("{FAE04EC0-301F-11D3-BF4B-00C04F79EFBC}") = "Pe.ElectroPeru.SGI.Infraestructura.Repository", "Pe.ElectroPeru.SGI.Infraestructura.Repository\Pe.ElectroPeru.SGI.Infraestructura.Repository.csproj", "{678335AE-4782-4752-BEBB-708402046DFE}"
EndProject
Project("{FAE04EC0-301F-11D3-BF4B-00C04F79EFBC}") = "Pe.ElectroPeru.SGI.Infraestructura.QueryModel", "Pe.ElectroPeru.SGI.Infraestructura.QueryModel\Pe.ElectroPeru.SGI.Infraestructura.QueryModel.csproj", "{7280CDD5-08DB-4BE3-A412-1B1E6D9A5DE2}"
EndProject
Project("{FAE04EC0-301F-11D3-BF4B-00C04F79EFBC}") = "Pe.ElectroPeru.SGI.Infraestructura.Proxy", "Pe.ElectroPeru.SGI.Infraestructura.Proxy\Pe.ElectroPeru.SGI.Infraestructura.Proxy.csproj", "{92229C7E-B04E-4B57-B239-61D72676ADF0}"
EndProject
Project("{FAE04EC0-301F-11D3-BF4B-00C04F79EFBC}") = "Pe.ElectroPeru.SGI.Infraestructura.Core", "Pe.ElectroPeru.SGI.Infraestructura.Core\Pe.ElectroPeru.SGI.Infraestructura.Core.csproj", "{2B8F9B45-35DA-4EEA-B07E-F2598B2863AB}"
EndProject
Project("{FAE04EC0-301F-11D3-BF4B-00C04F79EFBC}") = "Pe.ElectroPeru.SGI.Infraestructura.CommandModel", "Pe.ElectroPeru.SGI.Infraestructura.CommandModel\Pe.ElectroPeru.SGI.Infraestructura.CommandModel.csproj", "{7FA64A98-D0D2-423C-8CAC-F9AC49C7CDC0}"
EndProject
Project("{FAE04EC0-301F-11D3-BF4B-00C04F79EFBC}") = "Pe.ElectroPeru.SGI.Dominio.Service", "Pe.ElectroPeru.SGI.Dominio.Service\Pe.ElectroPeru.SGI.Dominio.Service.csproj", "{4C87707F-F069-4CA7-8B5A-AB32ABD64F84}"
EndProject
Project("{FAE04EC0-301F-11D3-BF4B-00C04F79EFBC}") = "Pe.ElectroPeru.SGI.Dominio.Model", "Pe.ElectroPeru.SGI.Dominio.Model\Pe.ElectroPeru.SGI.Dominio.Model.csproj", "{C1BBE827-C78F-44AE-ABC7-4ACC65CBB7F4}"
EndProject
Project("{FAE04EC0-301F-11D3-BF4B-00C04F79EFBC}") = "Pe.ElectroPeru.SGI.Dominio.Core", "Pe.ElectroPeru.SGI.Dominio.Core\Pe.ElectroPeru.SGI.Dominio.Core.csproj", "{40CDC85F-33ED-412E-9974-A7B8C6AEAD28}"
EndProject
Project("{FAE04EC0-301F-11D3-BF4B-00C04F79EFBC}") = "Pe.ElectroPeru.SGI.Transversal.Core", "Pe.ElectroPeru.SGI.Cross.Core\Pe.ElectroPeru.SGI.Transversal.Core.csproj", "{F4ECE405-25B7-4365-AAB3-503C5F8859E6}"
EndProject
Project("{FAE04EC0-301F-11D3-BF4B-00C04F79EFBC}") = "Pe.ElectroPeru.SGI.Aplicacion.TransferObject", "Pe.ElectroPeru.SGI.Aplicacion.TransferObject\Pe.ElectroPeru.SGI.Aplicacion.TransferObject.csproj", "{E43DA679-229C-4103-AF10-7FA3584BA914}"
EndProject
Project("{FAE04EC0-301F-11D3-BF4B-00C04F79EFBC}") = "Pe.ElectroPeru.SGI.Aplicacion.Service", "Pe.ElectroPeru.SGI.Aplicacion.Service\Pe.ElectroPeru.SGI.Aplicacion.Service.csproj", "{C457683F-294C-48DF-8E41-5F5A96E8DF6D}"
EndProject
Project("{FAE04EC0-301F-11D3-BF4B-00C04F79EFBC}") = "Pe.ElectroPeru.SGI.Aplicacion.Core", "Pe.ElectroPeru.SGI.Aplicacion.Core\Pe.ElectroPeru.SGI.Aplicacion.Core.csproj", "{6C16878C-CD5A-415C-B8E6-D385A55EF0D9}"
EndProject
Project("{FAE04EC0-301F-11D3-BF4B-00C04F79EFBC}") = "Pe.ElectroPeru.SGI.Aplicacion.Adapter", "Pe.ElectroPeru.SGI.Aplicacion.Adapter\Pe.ElectroPeru.SGI.Aplicacion.Adapter.csproj", "{E8C1A9FE-B0D3-475C-9440-9242156FCE8F}"
EndProject
Project("{2150E333-8FDC-42A3-9474-1A3956D46DE8}") = "1_Presentacion", "1_Presentacion", "{9F15A1D7-5D1D-4DAC-B1F9-F849BE09D6DF}"
EndProject
Project("{2150E333-8FDC-42A3-9474-1A3956D46DE8}") = "2_Aplicacion", "2_Aplicacion", "{4EA51A05-F89B-46FE-857E-43BEFCE98605}"
EndProject
Project("{2150E333-8FDC-42A3-9474-1A3956D46DE8}") = "3_Dominio", "3_Dominio", "{4AB7C636-F3D0-402A-91DD-090F53A24EF4}"
EndProject
Project("{2150E333-8FDC-42A3-9474-1A3956D46DE8}") = "4_Infraestructura", "4_Infraestructura", "{92A4C2FD-6913-48B6-988C-B74841722BA9}"
EndProject
Project("{2150E333-8FDC-42A3-9474-1A3956D46DE8}") = "5_Transversal", "5_Transversal", "{E64DB48B-9735-4D28-A91B-4C24B2AAD58D}"
EndProject
Project("{2150E333-8FDC-42A3-9474-1A3956D46DE8}") = ".nuget", ".nuget", "{4059CF6F-80C5-42FA-8606-3B28BFDD9522}"
	ProjectSection(SolutionItems) = preProject
		.nuget\packages.config = .nuget\packages.config
	EndProjectSection
EndProject
Project("{2150E333-8FDC-42A3-9474-1A3956D46DE8}") = "6_Distribucion", "6_Distribucion", "{58C253BF-AFE4-44CA-AF92-F27DC68D122E}"
EndProject
Project("{FAE04EC0-301F-11D3-BF4B-00C04F79EFBC}") = "Pe.ElectroPeru.SGI.Distribucion.EnvioNotificaciones", "Pe.ElectroPeru.SGI.Distribucion.EnvioNotificaciones\Pe.ElectroPeru.SGI.Distribucion.EnvioNotificaciones.csproj", "{BD48A4E6-205B-42A8-837E-BCABC8DE0E5F}"
EndProject
Project("{FAE04EC0-301F-11D3-BF4B-00C04F79EFBC}") = "Pe.ElectroPeru.SGI.Transversal.Mapeo", "Pe.ElectroPeru.SGI.Transversal.Mapeo\Pe.ElectroPeru.SGI.Transversal.Mapeo.csproj", "{88A24C0C-715A-4E2D-A934-2243F1C242A9}"
EndProject
Global
	GlobalSection(SolutionConfigurationPlatforms) = preSolution
		Debug|Any CPU = Debug|Any CPU
		Release|Any CPU = Release|Any CPU
		STRACON_QA|Any CPU = STRACON_QA|Any CPU
	EndGlobalSection
	GlobalSection(ProjectConfigurationPlatforms) = postSolution
		{2600EAE4-99E4-4DF3-8DA0-FD16111B0B22}.Debug|Any CPU.ActiveCfg = Debug|Any CPU
		{2600EAE4-99E4-4DF3-8DA0-FD16111B0B22}.Debug|Any CPU.Build.0 = Debug|Any CPU
		{2600EAE4-99E4-4DF3-8DA0-FD16111B0B22}.Release|Any CPU.ActiveCfg = Release|Any CPU
		{2600EAE4-99E4-4DF3-8DA0-FD16111B0B22}.Release|Any CPU.Build.0 = Release|Any CPU
		{2600EAE4-99E4-4DF3-8DA0-FD16111B0B22}.STRACON_QA|Any CPU.ActiveCfg = STRACON_QA|Any CPU
		{2600EAE4-99E4-4DF3-8DA0-FD16111B0B22}.STRACON_QA|Any CPU.Build.0 = STRACON_QA|Any CPU
		{B681F6FD-F206-4CEB-AEE7-5AE437D202EB}.Debug|Any CPU.ActiveCfg = Debug|Any CPU
		{B681F6FD-F206-4CEB-AEE7-5AE437D202EB}.Debug|Any CPU.Build.0 = Debug|Any CPU
		{B681F6FD-F206-4CEB-AEE7-5AE437D202EB}.Release|Any CPU.ActiveCfg = Release|Any CPU
		{B681F6FD-F206-4CEB-AEE7-5AE437D202EB}.Release|Any CPU.Build.0 = Release|Any CPU
		{B681F6FD-F206-4CEB-AEE7-5AE437D202EB}.STRACON_QA|Any CPU.ActiveCfg = STRACON_QA|Any CPU
		{B681F6FD-F206-4CEB-AEE7-5AE437D202EB}.STRACON_QA|Any CPU.Build.0 = STRACON_QA|Any CPU
		{63310A76-AEB4-4EFB-89AB-67C6DACBA901}.Debug|Any CPU.ActiveCfg = Debug|Any CPU
		{63310A76-AEB4-4EFB-89AB-67C6DACBA901}.Debug|Any CPU.Build.0 = Debug|Any CPU
		{63310A76-AEB4-4EFB-89AB-67C6DACBA901}.Release|Any CPU.ActiveCfg = Release|Any CPU
		{63310A76-AEB4-4EFB-89AB-67C6DACBA901}.Release|Any CPU.Build.0 = Release|Any CPU
		{63310A76-AEB4-4EFB-89AB-67C6DACBA901}.STRACON_QA|Any CPU.ActiveCfg = STRACON_QA|Any CPU
		{63310A76-AEB4-4EFB-89AB-67C6DACBA901}.STRACON_QA|Any CPU.Build.0 = STRACON_QA|Any CPU
		{678335AE-4782-4752-BEBB-708402046DFE}.Debug|Any CPU.ActiveCfg = Debug|Any CPU
		{678335AE-4782-4752-BEBB-708402046DFE}.Debug|Any CPU.Build.0 = Debug|Any CPU
		{678335AE-4782-4752-BEBB-708402046DFE}.Release|Any CPU.ActiveCfg = Release|Any CPU
		{678335AE-4782-4752-BEBB-708402046DFE}.Release|Any CPU.Build.0 = Release|Any CPU
		{678335AE-4782-4752-BEBB-708402046DFE}.STRACON_QA|Any CPU.ActiveCfg = STRACON_QA|Any CPU
		{678335AE-4782-4752-BEBB-708402046DFE}.STRACON_QA|Any CPU.Build.0 = STRACON_QA|Any CPU
		{7280CDD5-08DB-4BE3-A412-1B1E6D9A5DE2}.Debug|Any CPU.ActiveCfg = Debug|Any CPU
		{7280CDD5-08DB-4BE3-A412-1B1E6D9A5DE2}.Debug|Any CPU.Build.0 = Debug|Any CPU
		{7280CDD5-08DB-4BE3-A412-1B1E6D9A5DE2}.Release|Any CPU.ActiveCfg = Release|Any CPU
		{7280CDD5-08DB-4BE3-A412-1B1E6D9A5DE2}.Release|Any CPU.Build.0 = Release|Any CPU
		{7280CDD5-08DB-4BE3-A412-1B1E6D9A5DE2}.STRACON_QA|Any CPU.ActiveCfg = STRACON_QA|Any CPU
		{7280CDD5-08DB-4BE3-A412-1B1E6D9A5DE2}.STRACON_QA|Any CPU.Build.0 = STRACON_QA|Any CPU
		{92229C7E-B04E-4B57-B239-61D72676ADF0}.Debug|Any CPU.ActiveCfg = Debug|Any CPU
		{92229C7E-B04E-4B57-B239-61D72676ADF0}.Debug|Any CPU.Build.0 = Debug|Any CPU
		{92229C7E-B04E-4B57-B239-61D72676ADF0}.Release|Any CPU.ActiveCfg = Release|Any CPU
		{92229C7E-B04E-4B57-B239-61D72676ADF0}.Release|Any CPU.Build.0 = Release|Any CPU
		{92229C7E-B04E-4B57-B239-61D72676ADF0}.STRACON_QA|Any CPU.ActiveCfg = Release|Any CPU
		{92229C7E-B04E-4B57-B239-61D72676ADF0}.STRACON_QA|Any CPU.Build.0 = Release|Any CPU
		{2B8F9B45-35DA-4EEA-B07E-F2598B2863AB}.Debug|Any CPU.ActiveCfg = Debug|Any CPU
		{2B8F9B45-35DA-4EEA-B07E-F2598B2863AB}.Debug|Any CPU.Build.0 = Debug|Any CPU
		{2B8F9B45-35DA-4EEA-B07E-F2598B2863AB}.Release|Any CPU.ActiveCfg = Release|Any CPU
		{2B8F9B45-35DA-4EEA-B07E-F2598B2863AB}.Release|Any CPU.Build.0 = Release|Any CPU
		{2B8F9B45-35DA-4EEA-B07E-F2598B2863AB}.STRACON_QA|Any CPU.ActiveCfg = STRACON_QA|Any CPU
		{2B8F9B45-35DA-4EEA-B07E-F2598B2863AB}.STRACON_QA|Any CPU.Build.0 = STRACON_QA|Any CPU
		{7FA64A98-D0D2-423C-8CAC-F9AC49C7CDC0}.Debug|Any CPU.ActiveCfg = Debug|Any CPU
		{7FA64A98-D0D2-423C-8CAC-F9AC49C7CDC0}.Debug|Any CPU.Build.0 = Debug|Any CPU
		{7FA64A98-D0D2-423C-8CAC-F9AC49C7CDC0}.Release|Any CPU.ActiveCfg = Release|Any CPU
		{7FA64A98-D0D2-423C-8CAC-F9AC49C7CDC0}.Release|Any CPU.Build.0 = Release|Any CPU
		{7FA64A98-D0D2-423C-8CAC-F9AC49C7CDC0}.STRACON_QA|Any CPU.ActiveCfg = STRACON_QA|Any CPU
		{7FA64A98-D0D2-423C-8CAC-F9AC49C7CDC0}.STRACON_QA|Any CPU.Build.0 = STRACON_QA|Any CPU
		{4C87707F-F069-4CA7-8B5A-AB32ABD64F84}.Debug|Any CPU.ActiveCfg = Debug|Any CPU
		{4C87707F-F069-4CA7-8B5A-AB32ABD64F84}.Debug|Any CPU.Build.0 = Debug|Any CPU
		{4C87707F-F069-4CA7-8B5A-AB32ABD64F84}.Release|Any CPU.ActiveCfg = Release|Any CPU
		{4C87707F-F069-4CA7-8B5A-AB32ABD64F84}.Release|Any CPU.Build.0 = Release|Any CPU
		{4C87707F-F069-4CA7-8B5A-AB32ABD64F84}.STRACON_QA|Any CPU.ActiveCfg = STRACON_QA|Any CPU
		{4C87707F-F069-4CA7-8B5A-AB32ABD64F84}.STRACON_QA|Any CPU.Build.0 = STRACON_QA|Any CPU
		{C1BBE827-C78F-44AE-ABC7-4ACC65CBB7F4}.Debug|Any CPU.ActiveCfg = Debug|Any CPU
		{C1BBE827-C78F-44AE-ABC7-4ACC65CBB7F4}.Debug|Any CPU.Build.0 = Debug|Any CPU
		{C1BBE827-C78F-44AE-ABC7-4ACC65CBB7F4}.Release|Any CPU.ActiveCfg = Release|Any CPU
		{C1BBE827-C78F-44AE-ABC7-4ACC65CBB7F4}.Release|Any CPU.Build.0 = Release|Any CPU
		{C1BBE827-C78F-44AE-ABC7-4ACC65CBB7F4}.STRACON_QA|Any CPU.ActiveCfg = STRACON_QA|Any CPU
		{C1BBE827-C78F-44AE-ABC7-4ACC65CBB7F4}.STRACON_QA|Any CPU.Build.0 = STRACON_QA|Any CPU
		{40CDC85F-33ED-412E-9974-A7B8C6AEAD28}.Debug|Any CPU.ActiveCfg = Debug|Any CPU
		{40CDC85F-33ED-412E-9974-A7B8C6AEAD28}.Debug|Any CPU.Build.0 = Debug|Any CPU
		{40CDC85F-33ED-412E-9974-A7B8C6AEAD28}.Release|Any CPU.ActiveCfg = Release|Any CPU
		{40CDC85F-33ED-412E-9974-A7B8C6AEAD28}.Release|Any CPU.Build.0 = Release|Any CPU
		{40CDC85F-33ED-412E-9974-A7B8C6AEAD28}.STRACON_QA|Any CPU.ActiveCfg = STRACON_QA|Any CPU
		{40CDC85F-33ED-412E-9974-A7B8C6AEAD28}.STRACON_QA|Any CPU.Build.0 = STRACON_QA|Any CPU
		{F4ECE405-25B7-4365-AAB3-503C5F8859E6}.Debug|Any CPU.ActiveCfg = Debug|Any CPU
		{F4ECE405-25B7-4365-AAB3-503C5F8859E6}.Debug|Any CPU.Build.0 = Debug|Any CPU
		{F4ECE405-25B7-4365-AAB3-503C5F8859E6}.Release|Any CPU.ActiveCfg = Release|Any CPU
		{F4ECE405-25B7-4365-AAB3-503C5F8859E6}.Release|Any CPU.Build.0 = Release|Any CPU
		{F4ECE405-25B7-4365-AAB3-503C5F8859E6}.STRACON_QA|Any CPU.ActiveCfg = STRACON_QA|Any CPU
		{F4ECE405-25B7-4365-AAB3-503C5F8859E6}.STRACON_QA|Any CPU.Build.0 = STRACON_QA|Any CPU
		{E43DA679-229C-4103-AF10-7FA3584BA914}.Debug|Any CPU.ActiveCfg = Debug|Any CPU
		{E43DA679-229C-4103-AF10-7FA3584BA914}.Debug|Any CPU.Build.0 = Debug|Any CPU
		{E43DA679-229C-4103-AF10-7FA3584BA914}.Release|Any CPU.ActiveCfg = Release|Any CPU
		{E43DA679-229C-4103-AF10-7FA3584BA914}.Release|Any CPU.Build.0 = Release|Any CPU
		{E43DA679-229C-4103-AF10-7FA3584BA914}.STRACON_QA|Any CPU.ActiveCfg = STRACON_QA|Any CPU
		{E43DA679-229C-4103-AF10-7FA3584BA914}.STRACON_QA|Any CPU.Build.0 = STRACON_QA|Any CPU
		{C457683F-294C-48DF-8E41-5F5A96E8DF6D}.Debug|Any CPU.ActiveCfg = Debug|Any CPU
		{C457683F-294C-48DF-8E41-5F5A96E8DF6D}.Debug|Any CPU.Build.0 = Debug|Any CPU
		{C457683F-294C-48DF-8E41-5F5A96E8DF6D}.Release|Any CPU.ActiveCfg = Release|Any CPU
		{C457683F-294C-48DF-8E41-5F5A96E8DF6D}.Release|Any CPU.Build.0 = Release|Any CPU
		{C457683F-294C-48DF-8E41-5F5A96E8DF6D}.STRACON_QA|Any CPU.ActiveCfg = STRACON_QA|Any CPU
		{C457683F-294C-48DF-8E41-5F5A96E8DF6D}.STRACON_QA|Any CPU.Build.0 = STRACON_QA|Any CPU
		{6C16878C-CD5A-415C-B8E6-D385A55EF0D9}.Debug|Any CPU.ActiveCfg = Debug|Any CPU
		{6C16878C-CD5A-415C-B8E6-D385A55EF0D9}.Debug|Any CPU.Build.0 = Debug|Any CPU
		{6C16878C-CD5A-415C-B8E6-D385A55EF0D9}.Release|Any CPU.ActiveCfg = Release|Any CPU
		{6C16878C-CD5A-415C-B8E6-D385A55EF0D9}.Release|Any CPU.Build.0 = Release|Any CPU
		{6C16878C-CD5A-415C-B8E6-D385A55EF0D9}.STRACON_QA|Any CPU.ActiveCfg = STRACON_QA|Any CPU
		{6C16878C-CD5A-415C-B8E6-D385A55EF0D9}.STRACON_QA|Any CPU.Build.0 = STRACON_QA|Any CPU
		{E8C1A9FE-B0D3-475C-9440-9242156FCE8F}.Debug|Any CPU.ActiveCfg = Debug|Any CPU
		{E8C1A9FE-B0D3-475C-9440-9242156FCE8F}.Debug|Any CPU.Build.0 = Debug|Any CPU
		{E8C1A9FE-B0D3-475C-9440-9242156FCE8F}.Release|Any CPU.ActiveCfg = Release|Any CPU
		{E8C1A9FE-B0D3-475C-9440-9242156FCE8F}.Release|Any CPU.Build.0 = Release|Any CPU
		{E8C1A9FE-B0D3-475C-9440-9242156FCE8F}.STRACON_QA|Any CPU.ActiveCfg = STRACON_QA|Any CPU
		{E8C1A9FE-B0D3-475C-9440-9242156FCE8F}.STRACON_QA|Any CPU.Build.0 = STRACON_QA|Any CPU
		{BD48A4E6-205B-42A8-837E-BCABC8DE0E5F}.Debug|Any CPU.ActiveCfg = Debug|Any CPU
		{BD48A4E6-205B-42A8-837E-BCABC8DE0E5F}.Debug|Any CPU.Build.0 = Debug|Any CPU
		{BD48A4E6-205B-42A8-837E-BCABC8DE0E5F}.Release|Any CPU.ActiveCfg = Release|Any CPU
		{BD48A4E6-205B-42A8-837E-BCABC8DE0E5F}.Release|Any CPU.Build.0 = Release|Any CPU
		{BD48A4E6-205B-42A8-837E-BCABC8DE0E5F}.STRACON_QA|Any CPU.ActiveCfg = Release|Any CPU
		{BD48A4E6-205B-42A8-837E-BCABC8DE0E5F}.STRACON_QA|Any CPU.Build.0 = Release|Any CPU
		{88A24C0C-715A-4E2D-A934-2243F1C242A9}.Debug|Any CPU.ActiveCfg = Debug|Any CPU
		{88A24C0C-715A-4E2D-A934-2243F1C242A9}.Debug|Any CPU.Build.0 = Debug|Any CPU
		{88A24C0C-715A-4E2D-A934-2243F1C242A9}.Release|Any CPU.ActiveCfg = Release|Any CPU
		{88A24C0C-715A-4E2D-A934-2243F1C242A9}.Release|Any CPU.Build.0 = Release|Any CPU
		{88A24C0C-715A-4E2D-A934-2243F1C242A9}.STRACON_QA|Any CPU.ActiveCfg = Release|Any CPU
		{88A24C0C-715A-4E2D-A934-2243F1C242A9}.STRACON_QA|Any CPU.Build.0 = Release|Any CPU
	EndGlobalSection
	GlobalSection(SolutionProperties) = preSolution
		HideSolutionNode = FALSE
	EndGlobalSection
	GlobalSection(NestedProjects) = preSolution
		{B681F6FD-F206-4CEB-AEE7-5AE437D202EB} = {9F15A1D7-5D1D-4DAC-B1F9-F849BE09D6DF}
		{63310A76-AEB4-4EFB-89AB-67C6DACBA901} = {9F15A1D7-5D1D-4DAC-B1F9-F849BE09D6DF}
		{2600EAE4-99E4-4DF3-8DA0-FD16111B0B22} = {9F15A1D7-5D1D-4DAC-B1F9-F849BE09D6DF}
		{7280CDD5-08DB-4BE3-A412-1B1E6D9A5DE2} = {92A4C2FD-6913-48B6-988C-B74841722BA9}
		{92229C7E-B04E-4B57-B239-61D72676ADF0} = {92A4C2FD-6913-48B6-988C-B74841722BA9}
		{2B8F9B45-35DA-4EEA-B07E-F2598B2863AB} = {92A4C2FD-6913-48B6-988C-B74841722BA9}
		{7FA64A98-D0D2-423C-8CAC-F9AC49C7CDC0} = {92A4C2FD-6913-48B6-988C-B74841722BA9}
		{678335AE-4782-4752-BEBB-708402046DFE} = {92A4C2FD-6913-48B6-988C-B74841722BA9}
		{C1BBE827-C78F-44AE-ABC7-4ACC65CBB7F4} = {4AB7C636-F3D0-402A-91DD-090F53A24EF4}
		{40CDC85F-33ED-412E-9974-A7B8C6AEAD28} = {4AB7C636-F3D0-402A-91DD-090F53A24EF4}
		{4C87707F-F069-4CA7-8B5A-AB32ABD64F84} = {4AB7C636-F3D0-402A-91DD-090F53A24EF4}
		{F4ECE405-25B7-4365-AAB3-503C5F8859E6} = {E64DB48B-9735-4D28-A91B-4C24B2AAD58D}
		{88A24C0C-715A-4E2D-A934-2243F1C242A9} = {E64DB48B-9735-4D28-A91B-4C24B2AAD58D}
		{C457683F-294C-48DF-8E41-5F5A96E8DF6D} = {4EA51A05-F89B-46FE-857E-43BEFCE98605}
		{6C16878C-CD5A-415C-B8E6-D385A55EF0D9} = {4EA51A05-F89B-46FE-857E-43BEFCE98605}
		{E8C1A9FE-B0D3-475C-9440-9242156FCE8F} = {4EA51A05-F89B-46FE-857E-43BEFCE98605}
		{E43DA679-229C-4103-AF10-7FA3584BA914} = {4EA51A05-F89B-46FE-857E-43BEFCE98605}
		{BD48A4E6-205B-42A8-837E-BCABC8DE0E5F} = {58C253BF-AFE4-44CA-AF92-F27DC68D122E}
	EndGlobalSection
EndGlobal
